
Microsoft Visual Studio Solution File, Format Version 12.00
# Visual Studio Version 16
VisualStudioVersion = 16.0.29324.140
MinimumVisualStudioVersion = 10.0.40219.1
Project("{9A19103F-16F7-4668-BE54-9A1E7A4F7556}") = "GrpcService", "GrpcService\GrpcService.csproj", "{9B983BF6-47C7-47AB-8DBA-D24720A378A2}"
EndProject
Project("{9A19103F-16F7-4668-BE54-9A1E7A4F7556}") = "GrpcClient", "GrpcClient\GrpcClient.csproj", "{866D2CF1-03EF-4808-AE73-598FDF774080}"
EndProject
Global
	GlobalSection(SolutionConfigurationPlatforms) = preSolution
		Debug|Any CPU = Debug|Any CPU
		Release|Any CPU = Release|Any CPU
	EndGlobalSection
	GlobalSection(ProjectConfigurationPlatforms) = postSolution
		{9B983BF6-47C7-47AB-8DBA-D24720A378A2}.Debug|Any CPU.ActiveCfg = Debug|Any CPU
		{9B983BF6-47C7-47AB-8DBA-D24720A378A2}.Debug|Any CPU.Build.0 = Debug|Any CPU
		{9B983BF6-47C7-47AB-8DBA-D24720A378A2}.Release|Any CPU.ActiveCfg = Release|Any CPU
		{9B983BF6-47C7-47AB-8DBA-D24720A378A2}.Release|Any CPU.Build.0 = Release|Any CPU
		{866D2CF1-03EF-4808-AE73-598FDF774080}.Debug|Any CPU.ActiveCfg = Debug|Any CPU
		{866D2CF1-03EF-4808-AE73-598FDF774080}.Debug|Any CPU.Build.0 = Debug|Any CPU
		{866D2CF1-03EF-4808-AE73-598FDF774080}.Release|Any CPU.ActiveCfg = Release|Any CPU
		{866D2CF1-03EF-4808-AE73-598FDF774080}.Release|Any CPU.Build.0 = Release|Any CPU
	EndGlobalSection
	GlobalSection(SolutionProperties) = preSolution
		HideSolutionNode = FALSE
	EndGlobalSection
	GlobalSection(ExtensibilityGlobals) = postSolution
		SolutionGuid = {A295731F-6420-4CB3-98DB-B9E4E59E2535}
	EndGlobalSection
EndGlobal
